
Microsoft Visual Studio Solution File, Format Version 12.00
# Visual Studio 14
VisualStudioVersion = 14.0.25420.1
MinimumVisualStudioVersion = 10.0.40219.1
Project("{FAE04EC0-301F-11D3-BF4B-00C04F79EFBC}") = "PSP_0_modelo", "PSP_0_modelo\PSP_0_modelo.csproj", "{E9FEB5A7-D28A-41F8-82AC-907D7AE65CE3}"
EndProject
Project("{FAE04EC0-301F-11D3-BF4B-00C04F79EFBC}") = "PSP_0_gui", "PSP_0_gui\PSP_0_gui.csproj", "{99360386-25D6-4DC0-9E76-4BD8494D6CC6}"
EndProject
Global
	GlobalSection(SolutionConfigurationPlatforms) = preSolution
		Debug|Any CPU = Debug|Any CPU
		Release|Any CPU = Release|Any CPU
	EndGlobalSection
	GlobalSection(ProjectConfigurationPlatforms) = postSolution
		{E9FEB5A7-D28A-41F8-82AC-907D7AE65CE3}.Debug|Any CPU.ActiveCfg = Debug|Any CPU
		{E9FEB5A7-D28A-41F8-82AC-907D7AE65CE3}.Debug|Any CPU.Build.0 = Debug|Any CPU
		{E9FEB5A7-D28A-41F8-82AC-907D7AE65CE3}.Release|Any CPU.ActiveCfg = Release|Any CPU
		{E9FEB5A7-D28A-41F8-82AC-907D7AE65CE3}.Release|Any CPU.Build.0 = Release|Any CPU
		{99360386-25D6-4DC0-9E76-4BD8494D6CC6}.Debug|Any CPU.ActiveCfg = Debug|Any CPU
		{99360386-25D6-4DC0-9E76-4BD8494D6CC6}.Debug|Any CPU.Build.0 = Debug|Any CPU
		{99360386-25D6-4DC0-9E76-4BD8494D6CC6}.Release|Any CPU.ActiveCfg = Release|Any CPU
		{99360386-25D6-4DC0-9E76-4BD8494D6CC6}.Release|Any CPU.Build.0 = Release|Any CPU
	EndGlobalSection
	GlobalSection(SolutionProperties) = preSolution
		HideSolutionNode = FALSE
	EndGlobalSection
EndGlobal
